// !$*UTF8*$!
{
	archiveVersion = 1;
	classes = {
	};
	objectVersion = 50;
	objects = {

/* Begin PBXBuildFile section */
		8344F0A52635653F00CA8301 /* AppDelegate.swift in Sources */ = {isa = PBXBuildFile; fileRef = 8344F0A42635653F00CA8301 /* AppDelegate.swift */; };
		8344F0A72635653F00CA8301 /* SceneDelegate.swift in Sources */ = {isa = PBXBuildFile; fileRef = 8344F0A62635653F00CA8301 /* SceneDelegate.swift */; };
		8344F0A92635653F00CA8301 /* ViewController.swift in Sources */ = {isa = PBXBuildFile; fileRef = 8344F0A82635653F00CA8301 /* ViewController.swift */; };
		8344F0AC2635653F00CA8301 /* Main.storyboard in Resources */ = {isa = PBXBuildFile; fileRef = 8344F0AA2635653F00CA8301 /* Main.storyboard */; };
		8344F0AE2635654000CA8301 /* Assets.xcassets in Resources */ = {isa = PBXBuildFile; fileRef = 8344F0AD2635654000CA8301 /* Assets.xcassets */; };
		8344F0B12635654000CA8301 /* LaunchScreen.storyboard in Resources */ = {isa = PBXBuildFile; fileRef = 8344F0AF2635654000CA8301 /* LaunchScreen.storyboard */; };
		8344F0C026356D1B00CA8301 /* Media.xcassets in Resources */ = {isa = PBXBuildFile; fileRef = 8344F0BF26356D1B00CA8301 /* Media.xcassets */; };
		8344F0C226356D1B00CA8301 /* ActionViewController.swift in Sources */ = {isa = PBXBuildFile; fileRef = 8344F0C126356D1B00CA8301 /* ActionViewController.swift */; };
		8344F0C526356D1B00CA8301 /* MainInterface.storyboard in Resources */ = {isa = PBXBuildFile; fileRef = 8344F0C326356D1B00CA8301 /* MainInterface.storyboard */; };
		8344F0C926356D1B00CA8301 /* Extension.appex in Embed App Extensions */ = {isa = PBXBuildFile; fileRef = 8344F0BD26356D1B00CA8301 /* Extension.appex */; settings = {ATTRIBUTES = (RemoveHeadersOnCopy, ); }; };
		8344F0D126356F9800CA8301 /* Action.js in Resources */ = {isa = PBXBuildFile; fileRef = 8344F0D026356F9800CA8301 /* Action.js */; };
/* End PBXBuildFile section */

/* Begin PBXContainerItemProxy section */
		8344F0C726356D1B00CA8301 /* PBXContainerItemProxy */ = {
			isa = PBXContainerItemProxy;
			containerPortal = 8344F0992635653F00CA8301 /* Project object */;
			proxyType = 1;
			remoteGlobalIDString = 8344F0BC26356D1B00CA8301;
			remoteInfo = Extension;
		};
/* End PBXContainerItemProxy section */

/* Begin PBXCopyFilesBuildPhase section */
		8344F0CD26356D1B00CA8301 /* Embed App Extensions */ = {
			isa = PBXCopyFilesBuildPhase;
			buildActionMask = 2147483647;
			dstPath = "";
			dstSubfolderSpec = 13;
			files = (
				8344F0C926356D1B00CA8301 /* Extension.appex in Embed App Extensions */,
			);
			name = "Embed App Extensions";
			runOnlyForDeploymentPostprocessing = 0;
		};
/* End PBXCopyFilesBuildPhase section */

/* Begin PBXFileReference section */
		8344F0A12635653F00CA8301 /* Project19.app */ = {isa = PBXFileReference; explicitFileType = wrapper.application; includeInIndex = 0; path = Project19.app; sourceTree = BUILT_PRODUCTS_DIR; };
		8344F0A42635653F00CA8301 /* AppDelegate.swift */ = {isa = PBXFileReference; lastKnownFileType = sourcecode.swift; path = AppDelegate.swift; sourceTree = "<group>"; };
		8344F0A62635653F00CA8301 /* SceneDelegate.swift */ = {isa = PBXFileReference; lastKnownFileType = sourcecode.swift; path = SceneDelegate.swift; sourceTree = "<group>"; };
		8344F0A82635653F00CA8301 /* ViewController.swift */ = {isa = PBXFileReference; lastKnownFileType = sourcecode.swift; path = ViewController.swift; sourceTree = "<group>"; };
		8344F0AB2635653F00CA8301 /* Base */ = {isa = PBXFileReference; lastKnownFileType = file.storyboard; name = Base; path = Base.lproj/Main.storyboard; sourceTree = "<group>"; };
		8344F0AD2635654000CA8301 /* Assets.xcassets */ = {isa = PBXFileReference; lastKnownFileType = folder.assetcatalog; path = Assets.xcassets; sourceTree = "<group>"; };
		8344F0B02635654000CA8301 /* Base */ = {isa = PBXFileReference; lastKnownFileType = file.storyboard; name = Base; path = Base.lproj/LaunchScreen.storyboard; sourceTree = "<group>"; };
		8344F0B22635654000CA8301 /* Info.plist */ = {isa = PBXFileReference; lastKnownFileType = text.plist.xml; path = Info.plist; sourceTree = "<group>"; };
		8344F0BD26356D1B00CA8301 /* Extension.appex */ = {isa = PBXFileReference; explicitFileType = "wrapper.app-extension"; includeInIndex = 0; path = Extension.appex; sourceTree = BUILT_PRODUCTS_DIR; };
		8344F0BF26356D1B00CA8301 /* Media.xcassets */ = {isa = PBXFileReference; lastKnownFileType = folder.assetcatalog; path = Media.xcassets; sourceTree = "<group>"; };
		8344F0C126356D1B00CA8301 /* ActionViewController.swift */ = {isa = PBXFileReference; lastKnownFileType = sourcecode.swift; path = ActionViewController.swift; sourceTree = "<group>"; };
		8344F0C426356D1B00CA8301 /* Base */ = {isa = PBXFileReference; lastKnownFileType = file.storyboard; name = Base; path = Base.lproj/MainInterface.storyboard; sourceTree = "<group>"; };
		8344F0C626356D1B00CA8301 /* Info.plist */ = {isa = PBXFileReference; lastKnownFileType = text.plist.xml; path = Info.plist; sourceTree = "<group>"; };
		8344F0D026356F9800CA8301 /* Action.js */ = {isa = PBXFileReference; lastKnownFileType = sourcecode.javascript; path = Action.js; sourceTree = "<group>"; };
/* End PBXFileReference section */

/* Begin PBXFrameworksBuildPhase section */
		8344F09E2635653F00CA8301 /* Frameworks */ = {
			isa = PBXFrameworksBuildPhase;
			buildActionMask = 2147483647;
			files = (
			);
			runOnlyForDeploymentPostprocessing = 0;
		};
		8344F0BA26356D1B00CA8301 /* Frameworks */ = {
			isa = PBXFrameworksBuildPhase;
			buildActionMask = 2147483647;
			files = (
			);
			runOnlyForDeploymentPostprocessing = 0;
		};
/* End PBXFrameworksBuildPhase section */

/* Begin PBXGroup section */
		8344F0982635653F00CA8301 = {
			isa = PBXGroup;
			children = (
				8344F0A32635653F00CA8301 /* Project19 */,
				8344F0BE26356D1B00CA8301 /* Extension */,
				8344F0A22635653F00CA8301 /* Products */,
			);
			sourceTree = "<group>";
		};
		8344F0A22635653F00CA8301 /* Products */ = {
			isa = PBXGroup;
			children = (
				8344F0A12635653F00CA8301 /* Project19.app */,
				8344F0BD26356D1B00CA8301 /* Extension.appex */,
			);
			name = Products;
			sourceTree = "<group>";
		};
		8344F0A32635653F00CA8301 /* Project19 */ = {
			isa = PBXGroup;
			children = (
				8344F0A42635653F00CA8301 /* AppDelegate.swift */,
				8344F0A62635653F00CA8301 /* SceneDelegate.swift */,
				8344F0A82635653F00CA8301 /* ViewController.swift */,
				8344F0AA2635653F00CA8301 /* Main.storyboard */,
				8344F0AD2635654000CA8301 /* Assets.xcassets */,
				8344F0AF2635654000CA8301 /* LaunchScreen.storyboard */,
				8344F0B22635654000CA8301 /* Info.plist */,
			);
			path = Project19;
			sourceTree = "<group>";
		};
		8344F0BE26356D1B00CA8301 /* Extension */ = {
			isa = PBXGroup;
			children = (
				8344F0BF26356D1B00CA8301 /* Media.xcassets */,
				8344F0C126356D1B00CA8301 /* ActionViewController.swift */,
				8344F0C326356D1B00CA8301 /* MainInterface.storyboard */,
				8344F0C626356D1B00CA8301 /* Info.plist */,
				8344F0D026356F9800CA8301 /* Action.js */,
			);
			path = Extension;
			sourceTree = "<group>";
		};
/* End PBXGroup section */

/* Begin PBXNativeTarget section */
		8344F0A02635653F00CA8301 /* Project19 */ = {
			isa = PBXNativeTarget;
			buildConfigurationList = 8344F0B52635654000CA8301 /* Build configuration list for PBXNativeTarget "Project19" */;
			buildPhases = (
				8344F09D2635653F00CA8301 /* Sources */,
				8344F09E2635653F00CA8301 /* Frameworks */,
				8344F09F2635653F00CA8301 /* Resources */,
				8344F0CD26356D1B00CA8301 /* Embed App Extensions */,
			);
			buildRules = (
			);
			dependencies = (
				8344F0C826356D1B00CA8301 /* PBXTargetDependency */,
			);
			name = Project19;
			productName = Project19;
			productReference = 8344F0A12635653F00CA8301 /* Project19.app */;
			productType = "com.apple.product-type.application";
		};
		8344F0BC26356D1B00CA8301 /* Extension */ = {
			isa = PBXNativeTarget;
			buildConfigurationList = 8344F0CA26356D1B00CA8301 /* Build configuration list for PBXNativeTarget "Extension" */;
			buildPhases = (
				8344F0B926356D1B00CA8301 /* Sources */,
				8344F0BA26356D1B00CA8301 /* Frameworks */,
				8344F0BB26356D1B00CA8301 /* Resources */,
			);
			buildRules = (
			);
			dependencies = (
			);
			name = Extension;
			productName = Extension;
			productReference = 8344F0BD26356D1B00CA8301 /* Extension.appex */;
			productType = "com.apple.product-type.app-extension";
		};
/* End PBXNativeTarget section */

/* Begin PBXProject section */
		8344F0992635653F00CA8301 /* Project object */ = {
			isa = PBXProject;
			attributes = {
				LastSwiftUpdateCheck = 1240;
				LastUpgradeCheck = 1240;
				TargetAttributes = {
					8344F0A02635653F00CA8301 = {
						CreatedOnToolsVersion = 12.4;
					};
					8344F0BC26356D1B00CA8301 = {
						CreatedOnToolsVersion = 12.4;
					};
				};
			};
			buildConfigurationList = 8344F09C2635653F00CA8301 /* Build configuration list for PBXProject "Project19" */;
			compatibilityVersion = "Xcode 9.3";
			developmentRegion = en;
			hasScannedForEncodings = 0;
			knownRegions = (
				en,
				Base,
			);
			mainGroup = 8344F0982635653F00CA8301;
			productRefGroup = 8344F0A22635653F00CA8301 /* Products */;
			projectDirPath = "";
			projectRoot = "";
			targets = (
				8344F0A02635653F00CA8301 /* Project19 */,
				8344F0BC26356D1B00CA8301 /* Extension */,
			);
		};
/* End PBXProject section */

/* Begin PBXResourcesBuildPhase section */
		8344F09F2635653F00CA8301 /* Resources */ = {
			isa = PBXResourcesBuildPhase;
			buildActionMask = 2147483647;
			files = (
				8344F0B12635654000CA8301 /* LaunchScreen.storyboard in Resources */,
				8344F0AE2635654000CA8301 /* Assets.xcassets in Resources */,
				8344F0AC2635653F00CA8301 /* Main.storyboard in Resources */,
			);
			runOnlyForDeploymentPostprocessing = 0;
		};
		8344F0BB26356D1B00CA8301 /* Resources */ = {
			isa = PBXResourcesBuildPhase;
			buildActionMask = 2147483647;
			files = (
				8344F0D126356F9800CA8301 /* Action.js in Resources */,
				8344F0C026356D1B00CA8301 /* Media.xcassets in Resources */,
				8344F0C526356D1B00CA8301 /* MainInterface.storyboard in Resources */,
			);
			runOnlyForDeploymentPostprocessing = 0;
		};
/* End PBXResourcesBuildPhase section */

/* Begin PBXSourcesBuildPhase section */
		8344F09D2635653F00CA8301 /* Sources */ = {
			isa = PBXSourcesBuildPhase;
			buildActionMask = 2147483647;
			files = (
				8344F0A92635653F00CA8301 /* ViewController.swift in Sources */,
				8344F0A52635653F00CA8301 /* AppDelegate.swift in Sources */,
				8344F0A72635653F00CA8301 /* SceneDelegate.swift in Sources */,
			);
			runOnlyForDeploymentPostprocessing = 0;
		};
		8344F0B926356D1B00CA8301 /* Sources */ = {
			isa = PBXSourcesBuildPhase;
			buildActionMask = 2147483647;
			files = (
				8344F0C226356D1B00CA8301 /* ActionViewController.swift in Sources */,
			);
			runOnlyForDeploymentPostprocessing = 0;
		};
/* End PBXSourcesBuildPhase section */

/* Begin PBXTargetDependency section */
		8344F0C826356D1B00CA8301 /* PBXTargetDependency */ = {
			isa = PBXTargetDependency;
			target = 8344F0BC26356D1B00CA8301 /* Extension */;
			targetProxy = 8344F0C726356D1B00CA8301 /* PBXContainerItemProxy */;
		};
/* End PBXTargetDependency section */

/* Begin PBXVariantGroup section */
		8344F0AA2635653F00CA8301 /* Main.storyboard */ = {
			isa = PBXVariantGroup;
			children = (
				8344F0AB2635653F00CA8301 /* Base */,
			);
			name = Main.storyboard;
			sourceTree = "<group>";
		};
		8344F0AF2635654000CA8301 /* LaunchScreen.storyboard */ = {
			isa = PBXVariantGroup;
			children = (
				8344F0B02635654000CA8301 /* Base */,
			);
			name = LaunchScreen.storyboard;
			sourceTree = "<group>";
		};
		8344F0C326356D1B00CA8301 /* MainInterface.storyboard */ = {
			isa = PBXVariantGroup;
			children = (
				8344F0C426356D1B00CA8301 /* Base */,
			);
			name = MainInterface.storyboard;
			sourceTree = "<group>";
		};
/* End PBXVariantGroup section */

/* Begin XCBuildConfiguration section */
		8344F0B32635654000CA8301 /* Debug */ = {
			isa = XCBuildConfiguration;
			buildSettings = {
				ALWAYS_SEARCH_USER_PATHS = NO;
				CLANG_ANALYZER_NONNULL = YES;
				CLANG_ANALYZER_NUMBER_OBJECT_CONVERSION = YES_AGGRESSIVE;
				CLANG_CXX_LANGUAGE_STANDARD = "gnu++14";
				CLANG_CXX_LIBRARY = "libc++";
				CLANG_ENABLE_MODULES = YES;
				CLANG_ENABLE_OBJC_ARC = YES;
				CLANG_ENABLE_OBJC_WEAK = YES;
				CLANG_WARN_BLOCK_CAPTURE_AUTORELEASING = YES;
				CLANG_WARN_BOOL_CONVERSION = YES;
				CLANG_WARN_COMMA = YES;
				CLANG_WARN_CONSTANT_CONVERSION = YES;
				CLANG_WARN_DEPRECATED_OBJC_IMPLEMENTATIONS = YES;
				CLANG_WARN_DIRECT_OBJC_ISA_USAGE = YES_ERROR;
				CLANG_WARN_DOCUMENTATION_COMMENTS = YES;
				CLANG_WARN_EMPTY_BODY = YES;
				CLANG_WARN_ENUM_CONVERSION = YES;
				CLANG_WARN_INFINITE_RECURSION = YES;
				CLANG_WARN_INT_CONVERSION = YES;
				CLANG_WARN_NON_LITERAL_NULL_CONVERSION = YES;
				CLANG_WARN_OBJC_IMPLICIT_RETAIN_SELF = YES;
				CLANG_WARN_OBJC_LITERAL_CONVERSION = YES;
				CLANG_WARN_OBJC_ROOT_CLASS = YES_ERROR;
				CLANG_WARN_QUOTED_INCLUDE_IN_FRAMEWORK_HEADER = YES;
				CLANG_WARN_RANGE_LOOP_ANALYSIS = YES;
				CLANG_WARN_STRICT_PROTOTYPES = YES;
				CLANG_WARN_SUSPICIOUS_MOVE = YES;
				CLANG_WARN_UNGUARDED_AVAILABILITY = YES_AGGRESSIVE;
				CLANG_WARN_UNREACHABLE_CODE = YES;
				CLANG_WARN__DUPLICATE_METHOD_MATCH = YES;
				COPY_PHASE_STRIP = NO;
				DEBUG_INFORMATION_FORMAT = dwarf;
				ENABLE_STRICT_OBJC_MSGSEND = YES;
				ENABLE_TESTABILITY = YES;
				GCC_C_LANGUAGE_STANDARD = gnu11;
				GCC_DYNAMIC_NO_PIC = NO;
				GCC_NO_COMMON_BLOCKS = YES;
				GCC_OPTIMIZATION_LEVEL = 0;
				GCC_PREPROCESSOR_DEFINITIONS = (
					"DEBUG=1",
					"$(inherited)",
				);
				GCC_WARN_64_TO_32_BIT_CONVERSION = YES;
				GCC_WARN_ABOUT_RETURN_TYPE = YES_ERROR;
				GCC_WARN_UNDECLARED_SELECTOR = YES;
				GCC_WARN_UNINITIALIZED_AUTOS = YES_AGGRESSIVE;
				GCC_WARN_UNUSED_FUNCTION = YES;
				GCC_WARN_UNUSED_VARIABLE = YES;
				IPHONEOS_DEPLOYMENT_TARGET = 14.4;
				MTL_ENABLE_DEBUG_INFO = INCLUDE_SOURCE;
				MTL_FAST_MATH = YES;
				ONLY_ACTIVE_ARCH = YES;
				SDKROOT = iphoneos;
				SWIFT_ACTIVE_COMPILATION_CONDITIONS = DEBUG;
				SWIFT_OPTIMIZATION_LEVEL = "-Onone";
			};
			name = Debug;
		};
		8344F0B42635654000CA8301 /* Release */ = {
			isa = XCBuildConfiguration;
			buildSettings = {
				ALWAYS_SEARCH_USER_PATHS = NO;
				CLANG_ANALYZER_NONNULL = YES;
				CLANG_ANALYZER_NUMBER_OBJECT_CONVERSION = YES_AGGRESSIVE;
				CLANG_CXX_LANGUAGE_STANDARD = "gnu++14";
				CLANG_CXX_LIBRARY = "libc++";
				CLANG_ENABLE_MODULES = YES;
				CLANG_ENABLE_OBJC_ARC = YES;
				CLANG_ENABLE_OBJC_WEAK = YES;
				CLANG_WARN_BLOCK_CAPTURE_AUTORELEASING = YES;
				CLANG_WARN_BOOL_CONVERSION = YES;
				CLANG_WARN_COMMA = YES;
				CLANG_WARN_CONSTANT_CONVERSION = YES;
				CLANG_WARN_DEPRECATED_OBJC_IMPLEMENTATIONS = YES;
				CLANG_WARN_DIRECT_OBJC_ISA_USAGE = YES_ERROR;
				CLANG_WARN_DOCUMENTATION_COMMENTS = YES;
				CLANG_WARN_EMPTY_BODY = YES;
				CLANG_WARN_ENUM_CONVERSION = YES;
				CLANG_WARN_INFINITE_RECURSION = YES;
				CLANG_WARN_INT_CONVERSION = YES;
				CLANG_WARN_NON_LITERAL_NULL_CONVERSION = YES;
				CLANG_WARN_OBJC_IMPLICIT_RETAIN_SELF = YES;
				CLANG_WARN_OBJC_LITERAL_CONVERSION = YES;
				CLANG_WARN_OBJC_ROOT_CLASS = YES_ERROR;
				CLANG_WARN_QUOTED_INCLUDE_IN_FRAMEWORK_HEADER = YES;
				CLANG_WARN_RANGE_LOOP_ANALYSIS = YES;
				CLANG_WARN_STRICT_PROTOTYPES = YES;
				CLANG_WARN_SUSPICIOUS_MOVE = YES;
				CLANG_WARN_UNGUARDED_AVAILABILITY = YES_AGGRESSIVE;
				CLANG_WARN_UNREACHABLE_CODE = YES;
				CLANG_WARN__DUPLICATE_METHOD_MATCH = YES;
				COPY_PHASE_STRIP = NO;
				DEBUG_INFORMATION_FORMAT = "dwarf-with-dsym";
				ENABLE_NS_ASSERTIONS = NO;
				ENABLE_STRICT_OBJC_MSGSEND = YES;
				GCC_C_LANGUAGE_STANDARD = gnu11;
				GCC_NO_COMMON_BLOCKS = YES;
				GCC_WARN_64_TO_32_BIT_CONVERSION = YES;
				GCC_WARN_ABOUT_RETURN_TYPE = YES_ERROR;
				GCC_WARN_UNDECLARED_SELECTOR = YES;
				GCC_WARN_UNINITIALIZED_AUTOS = YES_AGGRESSIVE;
				GCC_WARN_UNUSED_FUNCTION = YES;
				GCC_WARN_UNUSED_VARIABLE = YES;
				IPHONEOS_DEPLOYMENT_TARGET = 14.4;
				MTL_ENABLE_DEBUG_INFO = NO;
				MTL_FAST_MATH = YES;
				SDKROOT = iphoneos;
				SWIFT_COMPILATION_MODE = wholemodule;
				SWIFT_OPTIMIZATION_LEVEL = "-O";
				VALIDATE_PRODUCT = YES;
			};
			name = Release;
		};
		8344F0B62635654000CA8301 /* Debug */ = {
			isa = XCBuildConfiguration;
			buildSettings = {
				ALWAYS_EMBED_SWIFT_STANDARD_LIBRARIES = YES;
				ASSETCATALOG_COMPILER_APPICON_NAME = AppIcon;
				ASSETCATALOG_COMPILER_GLOBAL_ACCENT_COLOR_NAME = AccentColor;
				CODE_SIGN_STYLE = Automatic;
				DEVELOPMENT_TEAM = 95963Q828L;
				INFOPLIST_FILE = Project19/Info.plist;
				LD_RUNPATH_SEARCH_PATHS = (
					"$(inherited)",
					"@executable_path/Frameworks",
				);
				PRODUCT_BUNDLE_IDENTIFIER = ozumin.Project19;
				PRODUCT_NAME = "$(TARGET_NAME)";
				SWIFT_VERSION = 5.0;
				TARGETED_DEVICE_FAMILY = "1,2";
			};
			name = Debug;
		};
		8344F0B72635654000CA8301 /* Release */ = {
			isa = XCBuildConfiguration;
			buildSettings = {
				ALWAYS_EMBED_SWIFT_STANDARD_LIBRARIES = YES;
				ASSETCATALOG_COMPILER_APPICON_NAME = AppIcon;
				ASSETCATALOG_COMPILER_GLOBAL_ACCENT_COLOR_NAME = AccentColor;
				CODE_SIGN_STYLE = Automatic;
				DEVELOPMENT_TEAM = 95963Q828L;
				INFOPLIST_FILE = Project19/Info.plist;
				LD_RUNPATH_SEARCH_PATHS = (
					"$(inherited)",
					"@executable_path/Frameworks",
				);
				PRODUCT_BUNDLE_IDENTIFIER = ozumin.Project19;
				PRODUCT_NAME = "$(TARGET_NAME)";
				SWIFT_VERSION = 5.0;
				TARGETED_DEVICE_FAMILY = "1,2";
			};
			name = Release;
		};
		8344F0CB26356D1B00CA8301 /* Debug */ = {
			isa = XCBuildConfiguration;
			buildSettings = {
				CODE_SIGN_STYLE = Automatic;
				DEVELOPMENT_TEAM = 95963Q828L;
				INFOPLIST_FILE = Extension/Info.plist;
				LD_RUNPATH_SEARCH_PATHS = (
					"$(inherited)",
					"@executable_path/Frameworks",
					"@executable_path/../../Frameworks",
				);
				PRODUCT_BUNDLE_IDENTIFIER = ozumin.Project19.Extension;
				PRODUCT_NAME = "$(TARGET_NAME)";
				SKIP_INSTALL = YES;
				SWIFT_VERSION = 5.0;
				TARGETED_DEVICE_FAMILY = "1,2";
			};
			name = Debug;
		};
		8344F0CC26356D1B00CA8301 /* Release */ = {
			isa = XCBuildConfiguration;
			buildSettings = {
				CODE_SIGN_STYLE = Automatic;
				DEVELOPMENT_TEAM = 95963Q828L;
				INFOPLIST_FILE = Extension/Info.plist;
				LD_RUNPATH_SEARCH_PATHS = (
					"$(inherited)",
					"@executable_path/Frameworks",
					"@executable_path/../../Frameworks",
				);
				PRODUCT_BUNDLE_IDENTIFIER = ozumin.Project19.Extension;
				PRODUCT_NAME = "$(TARGET_NAME)";
				SKIP_INSTALL = YES;
				SWIFT_VERSION = 5.0;
				TARGETED_DEVICE_FAMILY = "1,2";
			};
			name = Release;
		};
/* End XCBuildConfiguration section */

/* Begin XCConfigurationList section */
		8344F09C2635653F00CA8301 /* Build configuration list for PBXProject "Project19" */ = {
			isa = XCConfigurationList;
			buildConfigurations = (
				8344F0B32635654000CA8301 /* Debug */,
				8344F0B42635654000CA8301 /* Release */,
			);
			defaultConfigurationIsVisible = 0;
			defaultConfigurationName = Release;
		};
		8344F0B52635654000CA8301 /* Build configuration list for PBXNativeTarget "Project19" */ = {
			isa = XCConfigurationList;
			buildConfigurations = (
				8344F0B62635654000CA8301 /* Debug */,
				8344F0B72635654000CA8301 /* Release */,
			);
			defaultConfigurationIsVisible = 0;
			defaultConfigurationName = Release;
		};
		8344F0CA26356D1B00CA8301 /* Build configuration list for PBXNativeTarget "Extension" */ = {
			isa = XCConfigurationList;
			buildConfigurations = (
				8344F0CB26356D1B00CA8301 /* Debug */,
				8344F0CC26356D1B00CA8301 /* Release */,
			);
			defaultConfigurationIsVisible = 0;
			defaultConfigurationName = Release;
		};
/* End XCConfigurationList section */
	};
	rootObject = 8344F0992635653F00CA8301 /* Project object */;
}
