// !$*UTF8*$!
{
	archiveVersion = 1;
	classes = {
	};
	objectVersion = 50;
	objects = {

/* Begin PBXBuildFile section */
		83403C7425D7FD11006C5187 /* AppDelegate.swift in Sources */ = {isa = PBXBuildFile; fileRef = 83403C7325D7FD11006C5187 /* AppDelegate.swift */; };
		83403C7625D7FD11006C5187 /* SceneDelegate.swift in Sources */ = {isa = PBXBuildFile; fileRef = 83403C7525D7FD11006C5187 /* SceneDelegate.swift */; };
		83403C7825D7FD11006C5187 /* ViewController.swift in Sources */ = {isa = PBXBuildFile; fileRef = 83403C7725D7FD11006C5187 /* ViewController.swift */; };
		83403C7B25D7FD11006C5187 /* Main.storyboard in Resources */ = {isa = PBXBuildFile; fileRef = 83403C7925D7FD11006C5187 /* Main.storyboard */; };
		83403C7D25D7FD11006C5187 /* Assets.xcassets in Resources */ = {isa = PBXBuildFile; fileRef = 83403C7C25D7FD11006C5187 /* Assets.xcassets */; };
		83403C8025D7FD11006C5187 /* LaunchScreen.storyboard in Resources */ = {isa = PBXBuildFile; fileRef = 83403C7E25D7FD11006C5187 /* LaunchScreen.storyboard */; };
		83403C9325D7FE0F006C5187 /* nssl0049.jpg in Resources */ = {isa = PBXBuildFile; fileRef = 83403C8925D7FE0F006C5187 /* nssl0049.jpg */; };
		83403C9425D7FE0F006C5187 /* nssl0046.jpg in Resources */ = {isa = PBXBuildFile; fileRef = 83403C8A25D7FE0F006C5187 /* nssl0046.jpg */; };
		83403C9525D7FE0F006C5187 /* nssl0091.jpg in Resources */ = {isa = PBXBuildFile; fileRef = 83403C8B25D7FE0F006C5187 /* nssl0091.jpg */; };
		83403C9625D7FE0F006C5187 /* nssl0045.jpg in Resources */ = {isa = PBXBuildFile; fileRef = 83403C8C25D7FE0F006C5187 /* nssl0045.jpg */; };
		83403C9725D7FE0F006C5187 /* nssl0051.jpg in Resources */ = {isa = PBXBuildFile; fileRef = 83403C8D25D7FE0F006C5187 /* nssl0051.jpg */; };
		83403C9825D7FE0F006C5187 /* nssl0041.jpg in Resources */ = {isa = PBXBuildFile; fileRef = 83403C8E25D7FE0F006C5187 /* nssl0041.jpg */; };
		83403C9925D7FE0F006C5187 /* nssl0042.jpg in Resources */ = {isa = PBXBuildFile; fileRef = 83403C8F25D7FE0F006C5187 /* nssl0042.jpg */; };
		83403C9A25D7FE0F006C5187 /* nssl0043.jpg in Resources */ = {isa = PBXBuildFile; fileRef = 83403C9025D7FE0F006C5187 /* nssl0043.jpg */; };
		83403C9B25D7FE0F006C5187 /* nssl0033.jpg in Resources */ = {isa = PBXBuildFile; fileRef = 83403C9125D7FE0F006C5187 /* nssl0033.jpg */; };
		83403C9C25D7FE0F006C5187 /* nssl0034.jpg in Resources */ = {isa = PBXBuildFile; fileRef = 83403C9225D7FE0F006C5187 /* nssl0034.jpg */; };
		83403C9F25D96B5B006C5187 /* DetailViewController.swift in Sources */ = {isa = PBXBuildFile; fileRef = 83403C9E25D96B5B006C5187 /* DetailViewController.swift */; };
/* End PBXBuildFile section */

/* Begin PBXFileReference section */
		83403C7025D7FD11006C5187 /* Project1.app */ = {isa = PBXFileReference; explicitFileType = wrapper.application; includeInIndex = 0; path = Project1.app; sourceTree = BUILT_PRODUCTS_DIR; };
		83403C7325D7FD11006C5187 /* AppDelegate.swift */ = {isa = PBXFileReference; lastKnownFileType = sourcecode.swift; path = AppDelegate.swift; sourceTree = "<group>"; };
		83403C7525D7FD11006C5187 /* SceneDelegate.swift */ = {isa = PBXFileReference; lastKnownFileType = sourcecode.swift; path = SceneDelegate.swift; sourceTree = "<group>"; };
		83403C7725D7FD11006C5187 /* ViewController.swift */ = {isa = PBXFileReference; lastKnownFileType = sourcecode.swift; path = ViewController.swift; sourceTree = "<group>"; };
		83403C7A25D7FD11006C5187 /* Base */ = {isa = PBXFileReference; lastKnownFileType = file.storyboard; name = Base; path = Base.lproj/Main.storyboard; sourceTree = "<group>"; };
		83403C7C25D7FD11006C5187 /* Assets.xcassets */ = {isa = PBXFileReference; lastKnownFileType = folder.assetcatalog; path = Assets.xcassets; sourceTree = "<group>"; };
		83403C7F25D7FD11006C5187 /* Base */ = {isa = PBXFileReference; lastKnownFileType = file.storyboard; name = Base; path = Base.lproj/LaunchScreen.storyboard; sourceTree = "<group>"; };
		83403C8125D7FD11006C5187 /* Info.plist */ = {isa = PBXFileReference; lastKnownFileType = text.plist.xml; path = Info.plist; sourceTree = "<group>"; };
		83403C8925D7FE0F006C5187 /* nssl0049.jpg */ = {isa = PBXFileReference; lastKnownFileType = image.jpeg; path = nssl0049.jpg; sourceTree = "<group>"; };
		83403C8A25D7FE0F006C5187 /* nssl0046.jpg */ = {isa = PBXFileReference; lastKnownFileType = image.jpeg; path = nssl0046.jpg; sourceTree = "<group>"; };
		83403C8B25D7FE0F006C5187 /* nssl0091.jpg */ = {isa = PBXFileReference; lastKnownFileType = image.jpeg; path = nssl0091.jpg; sourceTree = "<group>"; };
		83403C8C25D7FE0F006C5187 /* nssl0045.jpg */ = {isa = PBXFileReference; lastKnownFileType = image.jpeg; path = nssl0045.jpg; sourceTree = "<group>"; };
		83403C8D25D7FE0F006C5187 /* nssl0051.jpg */ = {isa = PBXFileReference; lastKnownFileType = image.jpeg; path = nssl0051.jpg; sourceTree = "<group>"; };
		83403C8E25D7FE0F006C5187 /* nssl0041.jpg */ = {isa = PBXFileReference; lastKnownFileType = image.jpeg; path = nssl0041.jpg; sourceTree = "<group>"; };
		83403C8F25D7FE0F006C5187 /* nssl0042.jpg */ = {isa = PBXFileReference; lastKnownFileType = image.jpeg; path = nssl0042.jpg; sourceTree = "<group>"; };
		83403C9025D7FE0F006C5187 /* nssl0043.jpg */ = {isa = PBXFileReference; lastKnownFileType = image.jpeg; path = nssl0043.jpg; sourceTree = "<group>"; };
		83403C9125D7FE0F006C5187 /* nssl0033.jpg */ = {isa = PBXFileReference; lastKnownFileType = image.jpeg; path = nssl0033.jpg; sourceTree = "<group>"; };
		83403C9225D7FE0F006C5187 /* nssl0034.jpg */ = {isa = PBXFileReference; lastKnownFileType = image.jpeg; path = nssl0034.jpg; sourceTree = "<group>"; };
		83403C9E25D96B5B006C5187 /* DetailViewController.swift */ = {isa = PBXFileReference; lastKnownFileType = sourcecode.swift; path = DetailViewController.swift; sourceTree = "<group>"; };
/* End PBXFileReference section */

/* Begin PBXFrameworksBuildPhase section */
		83403C6D25D7FD11006C5187 /* Frameworks */ = {
			isa = PBXFrameworksBuildPhase;
			buildActionMask = 2147483647;
			files = (
			);
			runOnlyForDeploymentPostprocessing = 0;
		};
/* End PBXFrameworksBuildPhase section */

/* Begin PBXGroup section */
		83403C6725D7FD11006C5187 = {
			isa = PBXGroup;
			children = (
				83403C7225D7FD11006C5187 /* Project1 */,
				83403C7125D7FD11006C5187 /* Products */,
			);
			sourceTree = "<group>";
		};
		83403C7125D7FD11006C5187 /* Products */ = {
			isa = PBXGroup;
			children = (
				83403C7025D7FD11006C5187 /* Project1.app */,
			);
			name = Products;
			sourceTree = "<group>";
		};
		83403C7225D7FD11006C5187 /* Project1 */ = {
			isa = PBXGroup;
			children = (
				83403C7325D7FD11006C5187 /* AppDelegate.swift */,
				83403C7525D7FD11006C5187 /* SceneDelegate.swift */,
				83403C7725D7FD11006C5187 /* ViewController.swift */,
				83403C7925D7FD11006C5187 /* Main.storyboard */,
				83403C9E25D96B5B006C5187 /* DetailViewController.swift */,
				83403C7C25D7FD11006C5187 /* Assets.xcassets */,
				83403C7E25D7FD11006C5187 /* LaunchScreen.storyboard */,
				83403C8125D7FD11006C5187 /* Info.plist */,
				83403C8825D7FE0F006C5187 /* Content */,
			);
			path = Project1;
			sourceTree = "<group>";
		};
		83403C8825D7FE0F006C5187 /* Content */ = {
			isa = PBXGroup;
			children = (
				83403C8925D7FE0F006C5187 /* nssl0049.jpg */,
				83403C8A25D7FE0F006C5187 /* nssl0046.jpg */,
				83403C8B25D7FE0F006C5187 /* nssl0091.jpg */,
				83403C8C25D7FE0F006C5187 /* nssl0045.jpg */,
				83403C8D25D7FE0F006C5187 /* nssl0051.jpg */,
				83403C8E25D7FE0F006C5187 /* nssl0041.jpg */,
				83403C8F25D7FE0F006C5187 /* nssl0042.jpg */,
				83403C9025D7FE0F006C5187 /* nssl0043.jpg */,
				83403C9125D7FE0F006C5187 /* nssl0033.jpg */,
				83403C9225D7FE0F006C5187 /* nssl0034.jpg */,
			);
			path = Content;
			sourceTree = "<group>";
		};
/* End PBXGroup section */

/* Begin PBXNativeTarget section */
		83403C6F25D7FD11006C5187 /* Project1 */ = {
			isa = PBXNativeTarget;
			buildConfigurationList = 83403C8425D7FD11006C5187 /* Build configuration list for PBXNativeTarget "Project1" */;
			buildPhases = (
				83403C6C25D7FD11006C5187 /* Sources */,
				83403C6D25D7FD11006C5187 /* Frameworks */,
				83403C6E25D7FD11006C5187 /* Resources */,
			);
			buildRules = (
			);
			dependencies = (
			);
			name = Project1;
			productName = Project1;
			productReference = 83403C7025D7FD11006C5187 /* Project1.app */;
			productType = "com.apple.product-type.application";
		};
/* End PBXNativeTarget section */

/* Begin PBXProject section */
		83403C6825D7FD11006C5187 /* Project object */ = {
			isa = PBXProject;
			attributes = {
				LastSwiftUpdateCheck = 1240;
				LastUpgradeCheck = 1240;
				TargetAttributes = {
					83403C6F25D7FD11006C5187 = {
						CreatedOnToolsVersion = 12.4;
					};
				};
			};
			buildConfigurationList = 83403C6B25D7FD11006C5187 /* Build configuration list for PBXProject "Project1" */;
			compatibilityVersion = "Xcode 9.3";
			developmentRegion = en;
			hasScannedForEncodings = 0;
			knownRegions = (
				en,
				Base,
			);
			mainGroup = 83403C6725D7FD11006C5187;
			productRefGroup = 83403C7125D7FD11006C5187 /* Products */;
			projectDirPath = "";
			projectRoot = "";
			targets = (
				83403C6F25D7FD11006C5187 /* Project1 */,
			);
		};
/* End PBXProject section */

/* Begin PBXResourcesBuildPhase section */
		83403C6E25D7FD11006C5187 /* Resources */ = {
			isa = PBXResourcesBuildPhase;
			buildActionMask = 2147483647;
			files = (
				83403C9425D7FE0F006C5187 /* nssl0046.jpg in Resources */,
				83403C9B25D7FE0F006C5187 /* nssl0033.jpg in Resources */,
				83403C9725D7FE0F006C5187 /* nssl0051.jpg in Resources */,
				83403C9525D7FE0F006C5187 /* nssl0091.jpg in Resources */,
				83403C9A25D7FE0F006C5187 /* nssl0043.jpg in Resources */,
				83403C9C25D7FE0F006C5187 /* nssl0034.jpg in Resources */,
				83403C9325D7FE0F006C5187 /* nssl0049.jpg in Resources */,
				83403C9825D7FE0F006C5187 /* nssl0041.jpg in Resources */,
				83403C9925D7FE0F006C5187 /* nssl0042.jpg in Resources */,
				83403C8025D7FD11006C5187 /* LaunchScreen.storyboard in Resources */,
				83403C7D25D7FD11006C5187 /* Assets.xcassets in Resources */,
				83403C9625D7FE0F006C5187 /* nssl0045.jpg in Resources */,
				83403C7B25D7FD11006C5187 /* Main.storyboard in Resources */,
			);
			runOnlyForDeploymentPostprocessing = 0;
		};
/* End PBXResourcesBuildPhase section */

/* Begin PBXSourcesBuildPhase section */
		83403C6C25D7FD11006C5187 /* Sources */ = {
			isa = PBXSourcesBuildPhase;
			buildActionMask = 2147483647;
			files = (
				83403C7825D7FD11006C5187 /* ViewController.swift in Sources */,
				83403C7425D7FD11006C5187 /* AppDelegate.swift in Sources */,
				83403C7625D7FD11006C5187 /* SceneDelegate.swift in Sources */,
				83403C9F25D96B5B006C5187 /* DetailViewController.swift in Sources */,
			);
			runOnlyForDeploymentPostprocessing = 0;
		};
/* End PBXSourcesBuildPhase section */

/* Begin PBXVariantGroup section */
		83403C7925D7FD11006C5187 /* Main.storyboard */ = {
			isa = PBXVariantGroup;
			children = (
				83403C7A25D7FD11006C5187 /* Base */,
			);
			name = Main.storyboard;
			sourceTree = "<group>";
		};
		83403C7E25D7FD11006C5187 /* LaunchScreen.storyboard */ = {
			isa = PBXVariantGroup;
			children = (
				83403C7F25D7FD11006C5187 /* Base */,
			);
			name = LaunchScreen.storyboard;
			sourceTree = "<group>";
		};
/* End PBXVariantGroup section */

/* Begin XCBuildConfiguration section */
		83403C8225D7FD11006C5187 /* Debug */ = {
			isa = XCBuildConfiguration;
			buildSettings = {
				ALWAYS_SEARCH_USER_PATHS = NO;
				CLANG_ANALYZER_NONNULL = YES;
				CLANG_ANALYZER_NUMBER_OBJECT_CONVERSION = YES_AGGRESSIVE;
				CLANG_CXX_LANGUAGE_STANDARD = "gnu++14";
				CLANG_CXX_LIBRARY = "libc++";
				CLANG_ENABLE_MODULES = YES;
				CLANG_ENABLE_OBJC_ARC = YES;
				CLANG_ENABLE_OBJC_WEAK = YES;
				CLANG_WARN_BLOCK_CAPTURE_AUTORELEASING = YES;
				CLANG_WARN_BOOL_CONVERSION = YES;
				CLANG_WARN_COMMA = YES;
				CLANG_WARN_CONSTANT_CONVERSION = YES;
				CLANG_WARN_DEPRECATED_OBJC_IMPLEMENTATIONS = YES;
				CLANG_WARN_DIRECT_OBJC_ISA_USAGE = YES_ERROR;
				CLANG_WARN_DOCUMENTATION_COMMENTS = YES;
				CLANG_WARN_EMPTY_BODY = YES;
				CLANG_WARN_ENUM_CONVERSION = YES;
				CLANG_WARN_INFINITE_RECURSION = YES;
				CLANG_WARN_INT_CONVERSION = YES;
				CLANG_WARN_NON_LITERAL_NULL_CONVERSION = YES;
				CLANG_WARN_OBJC_IMPLICIT_RETAIN_SELF = YES;
				CLANG_WARN_OBJC_LITERAL_CONVERSION = YES;
				CLANG_WARN_OBJC_ROOT_CLASS = YES_ERROR;
				CLANG_WARN_QUOTED_INCLUDE_IN_FRAMEWORK_HEADER = YES;
				CLANG_WARN_RANGE_LOOP_ANALYSIS = YES;
				CLANG_WARN_STRICT_PROTOTYPES = YES;
				CLANG_WARN_SUSPICIOUS_MOVE = YES;
				CLANG_WARN_UNGUARDED_AVAILABILITY = YES_AGGRESSIVE;
				CLANG_WARN_UNREACHABLE_CODE = YES;
				CLANG_WARN__DUPLICATE_METHOD_MATCH = YES;
				COPY_PHASE_STRIP = NO;
				DEBUG_INFORMATION_FORMAT = dwarf;
				ENABLE_STRICT_OBJC_MSGSEND = YES;
				ENABLE_TESTABILITY = YES;
				GCC_C_LANGUAGE_STANDARD = gnu11;
				GCC_DYNAMIC_NO_PIC = NO;
				GCC_NO_COMMON_BLOCKS = YES;
				GCC_OPTIMIZATION_LEVEL = 0;
				GCC_PREPROCESSOR_DEFINITIONS = (
					"DEBUG=1",
					"$(inherited)",
				);
				GCC_WARN_64_TO_32_BIT_CONVERSION = YES;
				GCC_WARN_ABOUT_RETURN_TYPE = YES_ERROR;
				GCC_WARN_UNDECLARED_SELECTOR = YES;
				GCC_WARN_UNINITIALIZED_AUTOS = YES_AGGRESSIVE;
				GCC_WARN_UNUSED_FUNCTION = YES;
				GCC_WARN_UNUSED_VARIABLE = YES;
				IPHONEOS_DEPLOYMENT_TARGET = 14.4;
				MTL_ENABLE_DEBUG_INFO = INCLUDE_SOURCE;
				MTL_FAST_MATH = YES;
				ONLY_ACTIVE_ARCH = YES;
				SDKROOT = iphoneos;
				SWIFT_ACTIVE_COMPILATION_CONDITIONS = DEBUG;
				SWIFT_OPTIMIZATION_LEVEL = "-Onone";
			};
			name = Debug;
		};
		83403C8325D7FD11006C5187 /* Release */ = {
			isa = XCBuildConfiguration;
			buildSettings = {
				ALWAYS_SEARCH_USER_PATHS = NO;
				CLANG_ANALYZER_NONNULL = YES;
				CLANG_ANALYZER_NUMBER_OBJECT_CONVERSION = YES_AGGRESSIVE;
				CLANG_CXX_LANGUAGE_STANDARD = "gnu++14";
				CLANG_CXX_LIBRARY = "libc++";
				CLANG_ENABLE_MODULES = YES;
				CLANG_ENABLE_OBJC_ARC = YES;
				CLANG_ENABLE_OBJC_WEAK = YES;
				CLANG_WARN_BLOCK_CAPTURE_AUTORELEASING = YES;
				CLANG_WARN_BOOL_CONVERSION = YES;
				CLANG_WARN_COMMA = YES;
				CLANG_WARN_CONSTANT_CONVERSION = YES;
				CLANG_WARN_DEPRECATED_OBJC_IMPLEMENTATIONS = YES;
				CLANG_WARN_DIRECT_OBJC_ISA_USAGE = YES_ERROR;
				CLANG_WARN_DOCUMENTATION_COMMENTS = YES;
				CLANG_WARN_EMPTY_BODY = YES;
				CLANG_WARN_ENUM_CONVERSION = YES;
				CLANG_WARN_INFINITE_RECURSION = YES;
				CLANG_WARN_INT_CONVERSION = YES;
				CLANG_WARN_NON_LITERAL_NULL_CONVERSION = YES;
				CLANG_WARN_OBJC_IMPLICIT_RETAIN_SELF = YES;
				CLANG_WARN_OBJC_LITERAL_CONVERSION = YES;
				CLANG_WARN_OBJC_ROOT_CLASS = YES_ERROR;
				CLANG_WARN_QUOTED_INCLUDE_IN_FRAMEWORK_HEADER = YES;
				CLANG_WARN_RANGE_LOOP_ANALYSIS = YES;
				CLANG_WARN_STRICT_PROTOTYPES = YES;
				CLANG_WARN_SUSPICIOUS_MOVE = YES;
				CLANG_WARN_UNGUARDED_AVAILABILITY = YES_AGGRESSIVE;
				CLANG_WARN_UNREACHABLE_CODE = YES;
				CLANG_WARN__DUPLICATE_METHOD_MATCH = YES;
				COPY_PHASE_STRIP = NO;
				DEBUG_INFORMATION_FORMAT = "dwarf-with-dsym";
				ENABLE_NS_ASSERTIONS = NO;
				ENABLE_STRICT_OBJC_MSGSEND = YES;
				GCC_C_LANGUAGE_STANDARD = gnu11;
				GCC_NO_COMMON_BLOCKS = YES;
				GCC_WARN_64_TO_32_BIT_CONVERSION = YES;
				GCC_WARN_ABOUT_RETURN_TYPE = YES_ERROR;
				GCC_WARN_UNDECLARED_SELECTOR = YES;
				GCC_WARN_UNINITIALIZED_AUTOS = YES_AGGRESSIVE;
				GCC_WARN_UNUSED_FUNCTION = YES;
				GCC_WARN_UNUSED_VARIABLE = YES;
				IPHONEOS_DEPLOYMENT_TARGET = 14.4;
				MTL_ENABLE_DEBUG_INFO = NO;
				MTL_FAST_MATH = YES;
				SDKROOT = iphoneos;
				SWIFT_COMPILATION_MODE = wholemodule;
				SWIFT_OPTIMIZATION_LEVEL = "-O";
				VALIDATE_PRODUCT = YES;
			};
			name = Release;
		};
		83403C8525D7FD11006C5187 /* Debug */ = {
			isa = XCBuildConfiguration;
			buildSettings = {
				ASSETCATALOG_COMPILER_APPICON_NAME = AppIcon;
				ASSETCATALOG_COMPILER_GLOBAL_ACCENT_COLOR_NAME = AccentColor;
				CODE_SIGN_STYLE = Automatic;
				DEVELOPMENT_TEAM = 95963Q828L;
				INFOPLIST_FILE = Project1/Info.plist;
				LD_RUNPATH_SEARCH_PATHS = (
					"$(inherited)",
					"@executable_path/Frameworks",
				);
				PRODUCT_BUNDLE_IDENTIFIER = mizuo.Project1;
				PRODUCT_NAME = "$(TARGET_NAME)";
				SWIFT_VERSION = 5.0;
				TARGETED_DEVICE_FAMILY = "1,2";
			};
			name = Debug;
		};
		83403C8625D7FD11006C5187 /* Release */ = {
			isa = XCBuildConfiguration;
			buildSettings = {
				ASSETCATALOG_COMPILER_APPICON_NAME = AppIcon;
				ASSETCATALOG_COMPILER_GLOBAL_ACCENT_COLOR_NAME = AccentColor;
				CODE_SIGN_STYLE = Automatic;
				DEVELOPMENT_TEAM = 95963Q828L;
				INFOPLIST_FILE = Project1/Info.plist;
				LD_RUNPATH_SEARCH_PATHS = (
					"$(inherited)",
					"@executable_path/Frameworks",
				);
				PRODUCT_BUNDLE_IDENTIFIER = mizuo.Project1;
				PRODUCT_NAME = "$(TARGET_NAME)";
				SWIFT_VERSION = 5.0;
				TARGETED_DEVICE_FAMILY = "1,2";
			};
			name = Release;
		};
/* End XCBuildConfiguration section */

/* Begin XCConfigurationList section */
		83403C6B25D7FD11006C5187 /* Build configuration list for PBXProject "Project1" */ = {
			isa = XCConfigurationList;
			buildConfigurations = (
				83403C8225D7FD11006C5187 /* Debug */,
				83403C8325D7FD11006C5187 /* Release */,
			);
			defaultConfigurationIsVisible = 0;
			defaultConfigurationName = Release;
		};
		83403C8425D7FD11006C5187 /* Build configuration list for PBXNativeTarget "Project1" */ = {
			isa = XCConfigurationList;
			buildConfigurations = (
				83403C8525D7FD11006C5187 /* Debug */,
				83403C8625D7FD11006C5187 /* Release */,
			);
			defaultConfigurationIsVisible = 0;
			defaultConfigurationName = Release;
		};
/* End XCConfigurationList section */
	};
	rootObject = 83403C6825D7FD11006C5187 /* Project object */;
}
