// !$*UTF8*$!
{
	archiveVersion = 1;
	classes = {
	};
	objectVersion = 50;
	objects = {

/* Begin PBXBuildFile section */
		830BBF9D264D66CD00EE8E47 /* AppDelegate.swift in Sources */ = {isa = PBXBuildFile; fileRef = 830BBF9C264D66CD00EE8E47 /* AppDelegate.swift */; };
		830BBF9F264D66CD00EE8E47 /* SceneDelegate.swift in Sources */ = {isa = PBXBuildFile; fileRef = 830BBF9E264D66CD00EE8E47 /* SceneDelegate.swift */; };
		830BBFA1264D66CD00EE8E47 /* ViewController.swift in Sources */ = {isa = PBXBuildFile; fileRef = 830BBFA0264D66CD00EE8E47 /* ViewController.swift */; };
		830BBFA4264D66CD00EE8E47 /* Main.storyboard in Resources */ = {isa = PBXBuildFile; fileRef = 830BBFA2264D66CD00EE8E47 /* Main.storyboard */; };
		830BBFA6264D66CE00EE8E47 /* Assets.xcassets in Resources */ = {isa = PBXBuildFile; fileRef = 830BBFA5264D66CE00EE8E47 /* Assets.xcassets */; };
		830BBFA9264D66CE00EE8E47 /* LaunchScreen.storyboard in Resources */ = {isa = PBXBuildFile; fileRef = 830BBFA7264D66CE00EE8E47 /* LaunchScreen.storyboard */; };
/* End PBXBuildFile section */

/* Begin PBXFileReference section */
		830BBF99264D66CD00EE8E47 /* Day82.app */ = {isa = PBXFileReference; explicitFileType = wrapper.application; includeInIndex = 0; path = Day82.app; sourceTree = BUILT_PRODUCTS_DIR; };
		830BBF9C264D66CD00EE8E47 /* AppDelegate.swift */ = {isa = PBXFileReference; lastKnownFileType = sourcecode.swift; path = AppDelegate.swift; sourceTree = "<group>"; };
		830BBF9E264D66CD00EE8E47 /* SceneDelegate.swift */ = {isa = PBXFileReference; lastKnownFileType = sourcecode.swift; path = SceneDelegate.swift; sourceTree = "<group>"; };
		830BBFA0264D66CD00EE8E47 /* ViewController.swift */ = {isa = PBXFileReference; lastKnownFileType = sourcecode.swift; path = ViewController.swift; sourceTree = "<group>"; };
		830BBFA3264D66CD00EE8E47 /* Base */ = {isa = PBXFileReference; lastKnownFileType = file.storyboard; name = Base; path = Base.lproj/Main.storyboard; sourceTree = "<group>"; };
		830BBFA5264D66CE00EE8E47 /* Assets.xcassets */ = {isa = PBXFileReference; lastKnownFileType = folder.assetcatalog; path = Assets.xcassets; sourceTree = "<group>"; };
		830BBFA8264D66CE00EE8E47 /* Base */ = {isa = PBXFileReference; lastKnownFileType = file.storyboard; name = Base; path = Base.lproj/LaunchScreen.storyboard; sourceTree = "<group>"; };
		830BBFAA264D66CE00EE8E47 /* Info.plist */ = {isa = PBXFileReference; lastKnownFileType = text.plist.xml; path = Info.plist; sourceTree = "<group>"; };
/* End PBXFileReference section */

/* Begin PBXFrameworksBuildPhase section */
		830BBF96264D66CD00EE8E47 /* Frameworks */ = {
			isa = PBXFrameworksBuildPhase;
			buildActionMask = 2147483647;
			files = (
			);
			runOnlyForDeploymentPostprocessing = 0;
		};
/* End PBXFrameworksBuildPhase section */

/* Begin PBXGroup section */
		830BBF90264D66CD00EE8E47 = {
			isa = PBXGroup;
			children = (
				830BBF9B264D66CD00EE8E47 /* Day82 */,
				830BBF9A264D66CD00EE8E47 /* Products */,
			);
			sourceTree = "<group>";
		};
		830BBF9A264D66CD00EE8E47 /* Products */ = {
			isa = PBXGroup;
			children = (
				830BBF99264D66CD00EE8E47 /* Day82.app */,
			);
			name = Products;
			sourceTree = "<group>";
		};
		830BBF9B264D66CD00EE8E47 /* Day82 */ = {
			isa = PBXGroup;
			children = (
				830BBF9C264D66CD00EE8E47 /* AppDelegate.swift */,
				830BBF9E264D66CD00EE8E47 /* SceneDelegate.swift */,
				830BBFA0264D66CD00EE8E47 /* ViewController.swift */,
				830BBFA2264D66CD00EE8E47 /* Main.storyboard */,
				830BBFA5264D66CE00EE8E47 /* Assets.xcassets */,
				830BBFA7264D66CE00EE8E47 /* LaunchScreen.storyboard */,
				830BBFAA264D66CE00EE8E47 /* Info.plist */,
			);
			path = Day82;
			sourceTree = "<group>";
		};
/* End PBXGroup section */

/* Begin PBXNativeTarget section */
		830BBF98264D66CD00EE8E47 /* Day82 */ = {
			isa = PBXNativeTarget;
			buildConfigurationList = 830BBFAD264D66CE00EE8E47 /* Build configuration list for PBXNativeTarget "Day82" */;
			buildPhases = (
				830BBF95264D66CD00EE8E47 /* Sources */,
				830BBF96264D66CD00EE8E47 /* Frameworks */,
				830BBF97264D66CD00EE8E47 /* Resources */,
			);
			buildRules = (
			);
			dependencies = (
			);
			name = Day82;
			productName = Day82;
			productReference = 830BBF99264D66CD00EE8E47 /* Day82.app */;
			productType = "com.apple.product-type.application";
		};
/* End PBXNativeTarget section */

/* Begin PBXProject section */
		830BBF91264D66CD00EE8E47 /* Project object */ = {
			isa = PBXProject;
			attributes = {
				LastSwiftUpdateCheck = 1250;
				LastUpgradeCheck = 1250;
				TargetAttributes = {
					830BBF98264D66CD00EE8E47 = {
						CreatedOnToolsVersion = 12.5;
					};
				};
			};
			buildConfigurationList = 830BBF94264D66CD00EE8E47 /* Build configuration list for PBXProject "Day82" */;
			compatibilityVersion = "Xcode 9.3";
			developmentRegion = en;
			hasScannedForEncodings = 0;
			knownRegions = (
				en,
				Base,
			);
			mainGroup = 830BBF90264D66CD00EE8E47;
			productRefGroup = 830BBF9A264D66CD00EE8E47 /* Products */;
			projectDirPath = "";
			projectRoot = "";
			targets = (
				830BBF98264D66CD00EE8E47 /* Day82 */,
			);
		};
/* End PBXProject section */

/* Begin PBXResourcesBuildPhase section */
		830BBF97264D66CD00EE8E47 /* Resources */ = {
			isa = PBXResourcesBuildPhase;
			buildActionMask = 2147483647;
			files = (
				830BBFA9264D66CE00EE8E47 /* LaunchScreen.storyboard in Resources */,
				830BBFA6264D66CE00EE8E47 /* Assets.xcassets in Resources */,
				830BBFA4264D66CD00EE8E47 /* Main.storyboard in Resources */,
			);
			runOnlyForDeploymentPostprocessing = 0;
		};
/* End PBXResourcesBuildPhase section */

/* Begin PBXSourcesBuildPhase section */
		830BBF95264D66CD00EE8E47 /* Sources */ = {
			isa = PBXSourcesBuildPhase;
			buildActionMask = 2147483647;
			files = (
				830BBFA1264D66CD00EE8E47 /* ViewController.swift in Sources */,
				830BBF9D264D66CD00EE8E47 /* AppDelegate.swift in Sources */,
				830BBF9F264D66CD00EE8E47 /* SceneDelegate.swift in Sources */,
			);
			runOnlyForDeploymentPostprocessing = 0;
		};
/* End PBXSourcesBuildPhase section */

/* Begin PBXVariantGroup section */
		830BBFA2264D66CD00EE8E47 /* Main.storyboard */ = {
			isa = PBXVariantGroup;
			children = (
				830BBFA3264D66CD00EE8E47 /* Base */,
			);
			name = Main.storyboard;
			sourceTree = "<group>";
		};
		830BBFA7264D66CE00EE8E47 /* LaunchScreen.storyboard */ = {
			isa = PBXVariantGroup;
			children = (
				830BBFA8264D66CE00EE8E47 /* Base */,
			);
			name = LaunchScreen.storyboard;
			sourceTree = "<group>";
		};
/* End PBXVariantGroup section */

/* Begin XCBuildConfiguration section */
		830BBFAB264D66CE00EE8E47 /* Debug */ = {
			isa = XCBuildConfiguration;
			buildSettings = {
				ALWAYS_SEARCH_USER_PATHS = NO;
				CLANG_ANALYZER_NONNULL = YES;
				CLANG_ANALYZER_NUMBER_OBJECT_CONVERSION = YES_AGGRESSIVE;
				CLANG_CXX_LANGUAGE_STANDARD = "gnu++14";
				CLANG_CXX_LIBRARY = "libc++";
				CLANG_ENABLE_MODULES = YES;
				CLANG_ENABLE_OBJC_ARC = YES;
				CLANG_ENABLE_OBJC_WEAK = YES;
				CLANG_WARN_BLOCK_CAPTURE_AUTORELEASING = YES;
				CLANG_WARN_BOOL_CONVERSION = YES;
				CLANG_WARN_COMMA = YES;
				CLANG_WARN_CONSTANT_CONVERSION = YES;
				CLANG_WARN_DEPRECATED_OBJC_IMPLEMENTATIONS = YES;
				CLANG_WARN_DIRECT_OBJC_ISA_USAGE = YES_ERROR;
				CLANG_WARN_DOCUMENTATION_COMMENTS = YES;
				CLANG_WARN_EMPTY_BODY = YES;
				CLANG_WARN_ENUM_CONVERSION = YES;
				CLANG_WARN_INFINITE_RECURSION = YES;
				CLANG_WARN_INT_CONVERSION = YES;
				CLANG_WARN_NON_LITERAL_NULL_CONVERSION = YES;
				CLANG_WARN_OBJC_IMPLICIT_RETAIN_SELF = YES;
				CLANG_WARN_OBJC_LITERAL_CONVERSION = YES;
				CLANG_WARN_OBJC_ROOT_CLASS = YES_ERROR;
				CLANG_WARN_QUOTED_INCLUDE_IN_FRAMEWORK_HEADER = YES;
				CLANG_WARN_RANGE_LOOP_ANALYSIS = YES;
				CLANG_WARN_STRICT_PROTOTYPES = YES;
				CLANG_WARN_SUSPICIOUS_MOVE = YES;
				CLANG_WARN_UNGUARDED_AVAILABILITY = YES_AGGRESSIVE;
				CLANG_WARN_UNREACHABLE_CODE = YES;
				CLANG_WARN__DUPLICATE_METHOD_MATCH = YES;
				COPY_PHASE_STRIP = NO;
				DEBUG_INFORMATION_FORMAT = dwarf;
				ENABLE_STRICT_OBJC_MSGSEND = YES;
				ENABLE_TESTABILITY = YES;
				GCC_C_LANGUAGE_STANDARD = gnu11;
				GCC_DYNAMIC_NO_PIC = NO;
				GCC_NO_COMMON_BLOCKS = YES;
				GCC_OPTIMIZATION_LEVEL = 0;
				GCC_PREPROCESSOR_DEFINITIONS = (
					"DEBUG=1",
					"$(inherited)",
				);
				GCC_WARN_64_TO_32_BIT_CONVERSION = YES;
				GCC_WARN_ABOUT_RETURN_TYPE = YES_ERROR;
				GCC_WARN_UNDECLARED_SELECTOR = YES;
				GCC_WARN_UNINITIALIZED_AUTOS = YES_AGGRESSIVE;
				GCC_WARN_UNUSED_FUNCTION = YES;
				GCC_WARN_UNUSED_VARIABLE = YES;
				IPHONEOS_DEPLOYMENT_TARGET = 14.5;
				MTL_ENABLE_DEBUG_INFO = INCLUDE_SOURCE;
				MTL_FAST_MATH = YES;
				ONLY_ACTIVE_ARCH = YES;
				SDKROOT = iphoneos;
				SWIFT_ACTIVE_COMPILATION_CONDITIONS = DEBUG;
				SWIFT_OPTIMIZATION_LEVEL = "-Onone";
			};
			name = Debug;
		};
		830BBFAC264D66CE00EE8E47 /* Release */ = {
			isa = XCBuildConfiguration;
			buildSettings = {
				ALWAYS_SEARCH_USER_PATHS = NO;
				CLANG_ANALYZER_NONNULL = YES;
				CLANG_ANALYZER_NUMBER_OBJECT_CONVERSION = YES_AGGRESSIVE;
				CLANG_CXX_LANGUAGE_STANDARD = "gnu++14";
				CLANG_CXX_LIBRARY = "libc++";
				CLANG_ENABLE_MODULES = YES;
				CLANG_ENABLE_OBJC_ARC = YES;
				CLANG_ENABLE_OBJC_WEAK = YES;
				CLANG_WARN_BLOCK_CAPTURE_AUTORELEASING = YES;
				CLANG_WARN_BOOL_CONVERSION = YES;
				CLANG_WARN_COMMA = YES;
				CLANG_WARN_CONSTANT_CONVERSION = YES;
				CLANG_WARN_DEPRECATED_OBJC_IMPLEMENTATIONS = YES;
				CLANG_WARN_DIRECT_OBJC_ISA_USAGE = YES_ERROR;
				CLANG_WARN_DOCUMENTATION_COMMENTS = YES;
				CLANG_WARN_EMPTY_BODY = YES;
				CLANG_WARN_ENUM_CONVERSION = YES;
				CLANG_WARN_INFINITE_RECURSION = YES;
				CLANG_WARN_INT_CONVERSION = YES;
				CLANG_WARN_NON_LITERAL_NULL_CONVERSION = YES;
				CLANG_WARN_OBJC_IMPLICIT_RETAIN_SELF = YES;
				CLANG_WARN_OBJC_LITERAL_CONVERSION = YES;
				CLANG_WARN_OBJC_ROOT_CLASS = YES_ERROR;
				CLANG_WARN_QUOTED_INCLUDE_IN_FRAMEWORK_HEADER = YES;
				CLANG_WARN_RANGE_LOOP_ANALYSIS = YES;
				CLANG_WARN_STRICT_PROTOTYPES = YES;
				CLANG_WARN_SUSPICIOUS_MOVE = YES;
				CLANG_WARN_UNGUARDED_AVAILABILITY = YES_AGGRESSIVE;
				CLANG_WARN_UNREACHABLE_CODE = YES;
				CLANG_WARN__DUPLICATE_METHOD_MATCH = YES;
				COPY_PHASE_STRIP = NO;
				DEBUG_INFORMATION_FORMAT = "dwarf-with-dsym";
				ENABLE_NS_ASSERTIONS = NO;
				ENABLE_STRICT_OBJC_MSGSEND = YES;
				GCC_C_LANGUAGE_STANDARD = gnu11;
				GCC_NO_COMMON_BLOCKS = YES;
				GCC_WARN_64_TO_32_BIT_CONVERSION = YES;
				GCC_WARN_ABOUT_RETURN_TYPE = YES_ERROR;
				GCC_WARN_UNDECLARED_SELECTOR = YES;
				GCC_WARN_UNINITIALIZED_AUTOS = YES_AGGRESSIVE;
				GCC_WARN_UNUSED_FUNCTION = YES;
				GCC_WARN_UNUSED_VARIABLE = YES;
				IPHONEOS_DEPLOYMENT_TARGET = 14.5;
				MTL_ENABLE_DEBUG_INFO = NO;
				MTL_FAST_MATH = YES;
				SDKROOT = iphoneos;
				SWIFT_COMPILATION_MODE = wholemodule;
				SWIFT_OPTIMIZATION_LEVEL = "-O";
				VALIDATE_PRODUCT = YES;
			};
			name = Release;
		};
		830BBFAE264D66CE00EE8E47 /* Debug */ = {
			isa = XCBuildConfiguration;
			buildSettings = {
				ASSETCATALOG_COMPILER_APPICON_NAME = AppIcon;
				ASSETCATALOG_COMPILER_GLOBAL_ACCENT_COLOR_NAME = AccentColor;
				CODE_SIGN_STYLE = Automatic;
				DEVELOPMENT_TEAM = 95963Q828L;
				INFOPLIST_FILE = Day82/Info.plist;
				LD_RUNPATH_SEARCH_PATHS = (
					"$(inherited)",
					"@executable_path/Frameworks",
				);
				PRODUCT_BUNDLE_IDENTIFIER = ozumin.Day82;
				PRODUCT_NAME = "$(TARGET_NAME)";
				SWIFT_VERSION = 5.0;
				TARGETED_DEVICE_FAMILY = "1,2";
			};
			name = Debug;
		};
		830BBFAF264D66CE00EE8E47 /* Release */ = {
			isa = XCBuildConfiguration;
			buildSettings = {
				ASSETCATALOG_COMPILER_APPICON_NAME = AppIcon;
				ASSETCATALOG_COMPILER_GLOBAL_ACCENT_COLOR_NAME = AccentColor;
				CODE_SIGN_STYLE = Automatic;
				DEVELOPMENT_TEAM = 95963Q828L;
				INFOPLIST_FILE = Day82/Info.plist;
				LD_RUNPATH_SEARCH_PATHS = (
					"$(inherited)",
					"@executable_path/Frameworks",
				);
				PRODUCT_BUNDLE_IDENTIFIER = ozumin.Day82;
				PRODUCT_NAME = "$(TARGET_NAME)";
				SWIFT_VERSION = 5.0;
				TARGETED_DEVICE_FAMILY = "1,2";
			};
			name = Release;
		};
/* End XCBuildConfiguration section */

/* Begin XCConfigurationList section */
		830BBF94264D66CD00EE8E47 /* Build configuration list for PBXProject "Day82" */ = {
			isa = XCConfigurationList;
			buildConfigurations = (
				830BBFAB264D66CE00EE8E47 /* Debug */,
				830BBFAC264D66CE00EE8E47 /* Release */,
			);
			defaultConfigurationIsVisible = 0;
			defaultConfigurationName = Release;
		};
		830BBFAD264D66CE00EE8E47 /* Build configuration list for PBXNativeTarget "Day82" */ = {
			isa = XCConfigurationList;
			buildConfigurations = (
				830BBFAE264D66CE00EE8E47 /* Debug */,
				830BBFAF264D66CE00EE8E47 /* Release */,
			);
			defaultConfigurationIsVisible = 0;
			defaultConfigurationName = Release;
		};
/* End XCConfigurationList section */
	};
	rootObject = 830BBF91264D66CD00EE8E47 /* Project object */;
}
